// !$*UTF8*$!
{
	archiveVersion = 1;
	classes = {
	};
	objectVersion = 50;
	objects = {

/* Begin PBXBuildFile section */
		8327424822EA3074003104DE /* AppDelegate.swift in Sources */ = {isa = PBXBuildFile; fileRef = 8327424722EA3074003104DE /* AppDelegate.swift */; };
		8327424A22EA3074003104DE /* ViewController.swift in Sources */ = {isa = PBXBuildFile; fileRef = 8327424922EA3074003104DE /* ViewController.swift */; };
		8327424D22EA3074003104DE /* Main.storyboard in Resources */ = {isa = PBXBuildFile; fileRef = 8327424B22EA3074003104DE /* Main.storyboard */; };
		8327425022EA3074003104DE /* NewsHeadlines.xcdatamodeld in Sources */ = {isa = PBXBuildFile; fileRef = 8327424E22EA3074003104DE /* NewsHeadlines.xcdatamodeld */; };
		8327425222EA3075003104DE /* Assets.xcassets in Resources */ = {isa = PBXBuildFile; fileRef = 8327425122EA3075003104DE /* Assets.xcassets */; };
		8327425522EA3075003104DE /* LaunchScreen.storyboard in Resources */ = {isa = PBXBuildFile; fileRef = 8327425322EA3075003104DE /* LaunchScreen.storyboard */; };
		8327426022EA3075003104DE /* NewsHeadlinesTests.swift in Sources */ = {isa = PBXBuildFile; fileRef = 8327425F22EA3075003104DE /* NewsHeadlinesTests.swift */; };
		8327426D22EA3100003104DE /* HeadlineTableViewCell.swift in Sources */ = {isa = PBXBuildFile; fileRef = 8327426B22EA3100003104DE /* HeadlineTableViewCell.swift */; };
		8327426E22EA3100003104DE /* HeadlineTableViewCell.xib in Resources */ = {isa = PBXBuildFile; fileRef = 8327426C22EA3100003104DE /* HeadlineTableViewCell.xib */; };
		8327427122EA3A3B003104DE /* HeadLinesListTableViewController.swift in Sources */ = {isa = PBXBuildFile; fileRef = 8327427022EA3A3B003104DE /* HeadLinesListTableViewController.swift */; };
		8327427422EA3A4F003104DE /* News.storyboard in Resources */ = {isa = PBXBuildFile; fileRef = 8327427322EA3A4F003104DE /* News.storyboard */; };
		83A0DBA022EB236000F7BC52 /* Conctants.swift in Sources */ = {isa = PBXBuildFile; fileRef = 83A0DB9F22EB236000F7BC52 /* Conctants.swift */; };
		83A0DBA222EB24C600F7BC52 /* HeadlinesInfo.swift in Sources */ = {isa = PBXBuildFile; fileRef = 83A0DBA122EB24C600F7BC52 /* HeadlinesInfo.swift */; };
		83BD0E6622EDCD9000DD7760 /* CustomImageView.swift in Sources */ = {isa = PBXBuildFile; fileRef = 83BD0E6522EDCD9000DD7760 /* CustomImageView.swift */; };
		83BD0E6822EDD54B00DD7760 /* APIServices.swift in Sources */ = {isa = PBXBuildFile; fileRef = 83BD0E6722EDD54B00DD7760 /* APIServices.swift */; };
		83BD0E6A22EDD59800DD7760 /* MyAccountStyle.swift in Sources */ = {isa = PBXBuildFile; fileRef = 83BD0E6922EDD59800DD7760 /* MyAccountStyle.swift */; };
		83BD0E6D22EDD92500DD7760 /* LoadingIndicatorTableViewCell.swift in Sources */ = {isa = PBXBuildFile; fileRef = 83BD0E6B22EDD92500DD7760 /* LoadingIndicatorTableViewCell.swift */; };
		83BD0E6E22EDD92500DD7760 /* LoadingIndicatorTableViewCell.xib in Resources */ = {isa = PBXBuildFile; fileRef = 83BD0E6C22EDD92500DD7760 /* LoadingIndicatorTableViewCell.xib */; };
		83BD0E7022EE1ABA00DD7760 /* NewsDetailViewController.swift in Sources */ = {isa = PBXBuildFile; fileRef = 83BD0E6F22EE1ABA00DD7760 /* NewsDetailViewController.swift */; };
/* End PBXBuildFile section */

/* Begin PBXContainerItemProxy section */
		8327425C22EA3075003104DE /* PBXContainerItemProxy */ = {
			isa = PBXContainerItemProxy;
			containerPortal = 8327423C22EA3074003104DE /* Project object */;
			proxyType = 1;
			remoteGlobalIDString = 8327424322EA3074003104DE;
			remoteInfo = NewsHeadlines;
		};
/* End PBXContainerItemProxy section */

/* Begin PBXFileReference section */
		8327424422EA3074003104DE /* NewsHeadlines.app */ = {isa = PBXFileReference; explicitFileType = wrapper.application; includeInIndex = 0; path = NewsHeadlines.app; sourceTree = BUILT_PRODUCTS_DIR; };
		8327424722EA3074003104DE /* AppDelegate.swift */ = {isa = PBXFileReference; lastKnownFileType = sourcecode.swift; path = AppDelegate.swift; sourceTree = "<group>"; };
		8327424922EA3074003104DE /* ViewController.swift */ = {isa = PBXFileReference; lastKnownFileType = sourcecode.swift; path = ViewController.swift; sourceTree = "<group>"; };
		8327424C22EA3074003104DE /* Base */ = {isa = PBXFileReference; lastKnownFileType = file.storyboard; name = Base; path = Base.lproj/Main.storyboard; sourceTree = "<group>"; };
		8327424F22EA3074003104DE /* NewsHeadlines.xcdatamodel */ = {isa = PBXFileReference; lastKnownFileType = wrapper.xcdatamodel; path = NewsHeadlines.xcdatamodel; sourceTree = "<group>"; };
		8327425122EA3075003104DE /* Assets.xcassets */ = {isa = PBXFileReference; lastKnownFileType = folder.assetcatalog; path = Assets.xcassets; sourceTree = "<group>"; };
		8327425422EA3075003104DE /* Base */ = {isa = PBXFileReference; lastKnownFileType = file.storyboard; name = Base; path = Base.lproj/LaunchScreen.storyboard; sourceTree = "<group>"; };
		8327425622EA3075003104DE /* Info.plist */ = {isa = PBXFileReference; lastKnownFileType = text.plist.xml; path = Info.plist; sourceTree = "<group>"; };
		8327425B22EA3075003104DE /* NewsHeadlinesTests.xctest */ = {isa = PBXFileReference; explicitFileType = wrapper.cfbundle; includeInIndex = 0; path = NewsHeadlinesTests.xctest; sourceTree = BUILT_PRODUCTS_DIR; };
		8327425F22EA3075003104DE /* NewsHeadlinesTests.swift */ = {isa = PBXFileReference; lastKnownFileType = sourcecode.swift; path = NewsHeadlinesTests.swift; sourceTree = "<group>"; };
		8327426122EA3075003104DE /* Info.plist */ = {isa = PBXFileReference; lastKnownFileType = text.plist.xml; path = Info.plist; sourceTree = "<group>"; };
		8327426B22EA3100003104DE /* HeadlineTableViewCell.swift */ = {isa = PBXFileReference; lastKnownFileType = sourcecode.swift; path = HeadlineTableViewCell.swift; sourceTree = "<group>"; };
		8327426C22EA3100003104DE /* HeadlineTableViewCell.xib */ = {isa = PBXFileReference; lastKnownFileType = file.xib; path = HeadlineTableViewCell.xib; sourceTree = "<group>"; };
		8327427022EA3A3B003104DE /* HeadLinesListTableViewController.swift */ = {isa = PBXFileReference; lastKnownFileType = sourcecode.swift; path = HeadLinesListTableViewController.swift; sourceTree = "<group>"; };
		8327427322EA3A4F003104DE /* News.storyboard */ = {isa = PBXFileReference; lastKnownFileType = file.storyboard; path = News.storyboard; sourceTree = "<group>"; };
		83A0DB9F22EB236000F7BC52 /* Conctants.swift */ = {isa = PBXFileReference; lastKnownFileType = sourcecode.swift; path = Conctants.swift; sourceTree = "<group>"; };
		83A0DBA122EB24C600F7BC52 /* HeadlinesInfo.swift */ = {isa = PBXFileReference; lastKnownFileType = sourcecode.swift; path = HeadlinesInfo.swift; sourceTree = "<group>"; };
		83BD0E6522EDCD9000DD7760 /* CustomImageView.swift */ = {isa = PBXFileReference; lastKnownFileType = sourcecode.swift; path = CustomImageView.swift; sourceTree = "<group>"; };
		83BD0E6722EDD54B00DD7760 /* APIServices.swift */ = {isa = PBXFileReference; lastKnownFileType = sourcecode.swift; path = APIServices.swift; sourceTree = "<group>"; };
		83BD0E6922EDD59800DD7760 /* MyAccountStyle.swift */ = {isa = PBXFileReference; lastKnownFileType = sourcecode.swift; path = MyAccountStyle.swift; sourceTree = "<group>"; };
		83BD0E6B22EDD92500DD7760 /* LoadingIndicatorTableViewCell.swift */ = {isa = PBXFileReference; fileEncoding = 4; lastKnownFileType = sourcecode.swift; path = LoadingIndicatorTableViewCell.swift; sourceTree = "<group>"; };
		83BD0E6C22EDD92500DD7760 /* LoadingIndicatorTableViewCell.xib */ = {isa = PBXFileReference; fileEncoding = 4; lastKnownFileType = file.xib; path = LoadingIndicatorTableViewCell.xib; sourceTree = "<group>"; };
		83BD0E6F22EE1ABA00DD7760 /* NewsDetailViewController.swift */ = {isa = PBXFileReference; lastKnownFileType = sourcecode.swift; path = NewsDetailViewController.swift; sourceTree = "<group>"; };
/* End PBXFileReference section */

/* Begin PBXFrameworksBuildPhase section */
		8327424122EA3074003104DE /* Frameworks */ = {
			isa = PBXFrameworksBuildPhase;
			buildActionMask = 2147483647;
			files = (
			);
			runOnlyForDeploymentPostprocessing = 0;
		};
		8327425822EA3075003104DE /* Frameworks */ = {
			isa = PBXFrameworksBuildPhase;
			buildActionMask = 2147483647;
			files = (
			);
			runOnlyForDeploymentPostprocessing = 0;
		};
/* End PBXFrameworksBuildPhase section */

/* Begin PBXGroup section */
		8327423B22EA3074003104DE = {
			isa = PBXGroup;
			children = (
				8327424622EA3074003104DE /* NewsHeadlines */,
				8327425E22EA3075003104DE /* NewsHeadlinesTests */,
				8327424522EA3074003104DE /* Products */,
			);
			sourceTree = "<group>";
		};
		8327424522EA3074003104DE /* Products */ = {
			isa = PBXGroup;
			children = (
				8327424422EA3074003104DE /* NewsHeadlines.app */,
				8327425B22EA3075003104DE /* NewsHeadlinesTests.xctest */,
			);
			name = Products;
			sourceTree = "<group>";
		};
		8327424622EA3074003104DE /* NewsHeadlines */ = {
			isa = PBXGroup;
			children = (
				83A0DB9E22EB235000F7BC52 /* Utilities */,
				8327427222EA3A41003104DE /* StoryBoards */,
				8327426F22EA3A12003104DE /* ViewControllers */,
				8327426A22EA30D4003104DE /* TableViewCells */,
				8327424722EA3074003104DE /* AppDelegate.swift */,
				8327424922EA3074003104DE /* ViewController.swift */,
				8327424B22EA3074003104DE /* Main.storyboard */,
				8327425122EA3075003104DE /* Assets.xcassets */,
				8327425322EA3075003104DE /* LaunchScreen.storyboard */,
				8327425622EA3075003104DE /* Info.plist */,
				8327424E22EA3074003104DE /* NewsHeadlines.xcdatamodeld */,
				83A0DBA122EB24C600F7BC52 /* HeadlinesInfo.swift */,
			);
			path = NewsHeadlines;
			sourceTree = "<group>";
		};
		8327425E22EA3075003104DE /* NewsHeadlinesTests */ = {
			isa = PBXGroup;
			children = (
				8327425F22EA3075003104DE /* NewsHeadlinesTests.swift */,
				8327426122EA3075003104DE /* Info.plist */,
			);
			path = NewsHeadlinesTests;
			sourceTree = "<group>";
		};
		8327426A22EA30D4003104DE /* TableViewCells */ = {
			isa = PBXGroup;
			children = (
				83BD0E6B22EDD92500DD7760 /* LoadingIndicatorTableViewCell.swift */,
				83BD0E6C22EDD92500DD7760 /* LoadingIndicatorTableViewCell.xib */,
				8327426B22EA3100003104DE /* HeadlineTableViewCell.swift */,
				8327426C22EA3100003104DE /* HeadlineTableViewCell.xib */,
			);
			path = TableViewCells;
			sourceTree = "<group>";
		};
		8327426F22EA3A12003104DE /* ViewControllers */ = {
			isa = PBXGroup;
			children = (
				8327427022EA3A3B003104DE /* HeadLinesListTableViewController.swift */,
				83BD0E6F22EE1ABA00DD7760 /* NewsDetailViewController.swift */,
			);
			path = ViewControllers;
			sourceTree = "<group>";
		};
		8327427222EA3A41003104DE /* StoryBoards */ = {
			isa = PBXGroup;
			children = (
				8327427322EA3A4F003104DE /* News.storyboard */,
			);
			path = StoryBoards;
			sourceTree = "<group>";
		};
		83A0DB9E22EB235000F7BC52 /* Utilities */ = {
			isa = PBXGroup;
			children = (
				83BD0E6522EDCD9000DD7760 /* CustomImageView.swift */,
				83A0DB9F22EB236000F7BC52 /* Conctants.swift */,
				83BD0E6722EDD54B00DD7760 /* APIServices.swift */,
				83BD0E6922EDD59800DD7760 /* MyAccountStyle.swift */,
			);
			path = Utilities;
			sourceTree = "<group>";
		};
/* End PBXGroup section */

/* Begin PBXNativeTarget section */
		8327424322EA3074003104DE /* NewsHeadlines */ = {
			isa = PBXNativeTarget;
			buildConfigurationList = 8327426422EA3075003104DE /* Build configuration list for PBXNativeTarget "NewsHeadlines" */;
			buildPhases = (
				8327424022EA3074003104DE /* Sources */,
				8327424122EA3074003104DE /* Frameworks */,
				8327424222EA3074003104DE /* Resources */,
			);
			buildRules = (
			);
			dependencies = (
			);
			name = NewsHeadlines;
			productName = NewsHeadlines;
			productReference = 8327424422EA3074003104DE /* NewsHeadlines.app */;
			productType = "com.apple.product-type.application";
		};
		8327425A22EA3075003104DE /* NewsHeadlinesTests */ = {
			isa = PBXNativeTarget;
			buildConfigurationList = 8327426722EA3075003104DE /* Build configuration list for PBXNativeTarget "NewsHeadlinesTests" */;
			buildPhases = (
				8327425722EA3075003104DE /* Sources */,
				8327425822EA3075003104DE /* Frameworks */,
				8327425922EA3075003104DE /* Resources */,
			);
			buildRules = (
			);
			dependencies = (
				8327425D22EA3075003104DE /* PBXTargetDependency */,
			);
			name = NewsHeadlinesTests;
			productName = NewsHeadlinesTests;
			productReference = 8327425B22EA3075003104DE /* NewsHeadlinesTests.xctest */;
			productType = "com.apple.product-type.bundle.unit-test";
		};
/* End PBXNativeTarget section */

/* Begin PBXProject section */
		8327423C22EA3074003104DE /* Project object */ = {
			isa = PBXProject;
			attributes = {
				LastSwiftUpdateCheck = 1030;
				LastUpgradeCheck = 1030;
				ORGANIZATIONNAME = raju.kankanwadi;
				TargetAttributes = {
					8327424322EA3074003104DE = {
						CreatedOnToolsVersion = 10.3;
					};
					8327425A22EA3075003104DE = {
						CreatedOnToolsVersion = 10.3;
						TestTargetID = 8327424322EA3074003104DE;
					};
				};
			};
			buildConfigurationList = 8327423F22EA3074003104DE /* Build configuration list for PBXProject "NewsHeadlines" */;
			compatibilityVersion = "Xcode 9.3";
			developmentRegion = en;
			hasScannedForEncodings = 0;
			knownRegions = (
				en,
				Base,
			);
			mainGroup = 8327423B22EA3074003104DE;
			productRefGroup = 8327424522EA3074003104DE /* Products */;
			projectDirPath = "";
			projectRoot = "";
			targets = (
				8327424322EA3074003104DE /* NewsHeadlines */,
				8327425A22EA3075003104DE /* NewsHeadlinesTests */,
			);
		};
/* End PBXProject section */

/* Begin PBXResourcesBuildPhase section */
		8327424222EA3074003104DE /* Resources */ = {
			isa = PBXResourcesBuildPhase;
			buildActionMask = 2147483647;
			files = (
				8327425522EA3075003104DE /* LaunchScreen.storyboard in Resources */,
				8327425222EA3075003104DE /* Assets.xcassets in Resources */,
				8327427422EA3A4F003104DE /* News.storyboard in Resources */,
				8327424D22EA3074003104DE /* Main.storyboard in Resources */,
				83BD0E6E22EDD92500DD7760 /* LoadingIndicatorTableViewCell.xib in Resources */,
				8327426E22EA3100003104DE /* HeadlineTableViewCell.xib in Resources */,
			);
			runOnlyForDeploymentPostprocessing = 0;
		};
		8327425922EA3075003104DE /* Resources */ = {
			isa = PBXResourcesBuildPhase;
			buildActionMask = 2147483647;
			files = (
			);
			runOnlyForDeploymentPostprocessing = 0;
		};
/* End PBXResourcesBuildPhase section */

/* Begin PBXSourcesBuildPhase section */
		8327424022EA3074003104DE /* Sources */ = {
			isa = PBXSourcesBuildPhase;
			buildActionMask = 2147483647;
			files = (
				83BD0E7022EE1ABA00DD7760 /* NewsDetailViewController.swift in Sources */,
				8327424A22EA3074003104DE /* ViewController.swift in Sources */,
				83BD0E6622EDCD9000DD7760 /* CustomImageView.swift in Sources */,
				8327424822EA3074003104DE /* AppDelegate.swift in Sources */,
				8327425022EA3074003104DE /* NewsHeadlines.xcdatamodeld in Sources */,
				83A0DBA222EB24C600F7BC52 /* HeadlinesInfo.swift in Sources */,
				83BD0E6A22EDD59800DD7760 /* MyAccountStyle.swift in Sources */,
				83A0DBA022EB236000F7BC52 /* Conctants.swift in Sources */,
				8327427122EA3A3B003104DE /* HeadLinesListTableViewController.swift in Sources */,
				8327426D22EA3100003104DE /* HeadlineTableViewCell.swift in Sources */,
				83BD0E6D22EDD92500DD7760 /* LoadingIndicatorTableViewCell.swift in Sources */,
				83BD0E6822EDD54B00DD7760 /* APIServices.swift in Sources */,
			);
			runOnlyForDeploymentPostprocessing = 0;
		};
		8327425722EA3075003104DE /* Sources */ = {
			isa = PBXSourcesBuildPhase;
			buildActionMask = 2147483647;
			files = (
				8327426022EA3075003104DE /* NewsHeadlinesTests.swift in Sources */,
			);
			runOnlyForDeploymentPostprocessing = 0;
		};
/* End PBXSourcesBuildPhase section */

/* Begin PBXTargetDependency section */
		8327425D22EA3075003104DE /* PBXTargetDependency */ = {
			isa = PBXTargetDependency;
			target = 8327424322EA3074003104DE /* NewsHeadlines */;
			targetProxy = 8327425C22EA3075003104DE /* PBXContainerItemProxy */;
		};
/* End PBXTargetDependency section */

/* Begin PBXVariantGroup section */
		8327424B22EA3074003104DE /* Main.storyboard */ = {
			isa = PBXVariantGroup;
			children = (
				8327424C22EA3074003104DE /* Base */,
			);
			name = Main.storyboard;
			sourceTree = "<group>";
		};
		8327425322EA3075003104DE /* LaunchScreen.storyboard */ = {
			isa = PBXVariantGroup;
			children = (
				8327425422EA3075003104DE /* Base */,
			);
			name = LaunchScreen.storyboard;
			sourceTree = "<group>";
		};
/* End PBXVariantGroup section */

/* Begin XCBuildConfiguration section */
		8327426222EA3075003104DE /* Debug */ = {
			isa = XCBuildConfiguration;
			buildSettings = {
				ALWAYS_SEARCH_USER_PATHS = NO;
				CLANG_ANALYZER_NONNULL = YES;
				CLANG_ANALYZER_NUMBER_OBJECT_CONVERSION = YES_AGGRESSIVE;
				CLANG_CXX_LANGUAGE_STANDARD = "gnu++14";
				CLANG_CXX_LIBRARY = "libc++";
				CLANG_ENABLE_MODULES = YES;
				CLANG_ENABLE_OBJC_ARC = YES;
				CLANG_ENABLE_OBJC_WEAK = YES;
				CLANG_WARN_BLOCK_CAPTURE_AUTORELEASING = YES;
				CLANG_WARN_BOOL_CONVERSION = YES;
				CLANG_WARN_COMMA = YES;
				CLANG_WARN_CONSTANT_CONVERSION = YES;
				CLANG_WARN_DEPRECATED_OBJC_IMPLEMENTATIONS = YES;
				CLANG_WARN_DIRECT_OBJC_ISA_USAGE = YES_ERROR;
				CLANG_WARN_DOCUMENTATION_COMMENTS = YES;
				CLANG_WARN_EMPTY_BODY = YES;
				CLANG_WARN_ENUM_CONVERSION = YES;
				CLANG_WARN_INFINITE_RECURSION = YES;
				CLANG_WARN_INT_CONVERSION = YES;
				CLANG_WARN_NON_LITERAL_NULL_CONVERSION = YES;
				CLANG_WARN_OBJC_IMPLICIT_RETAIN_SELF = YES;
				CLANG_WARN_OBJC_LITERAL_CONVERSION = YES;
				CLANG_WARN_OBJC_ROOT_CLASS = YES_ERROR;
				CLANG_WARN_RANGE_LOOP_ANALYSIS = YES;
				CLANG_WARN_STRICT_PROTOTYPES = YES;
				CLANG_WARN_SUSPICIOUS_MOVE = YES;
				CLANG_WARN_UNGUARDED_AVAILABILITY = YES_AGGRESSIVE;
				CLANG_WARN_UNREACHABLE_CODE = YES;
				CLANG_WARN__DUPLICATE_METHOD_MATCH = YES;
				CODE_SIGN_IDENTITY = "iPhone Developer";
				COPY_PHASE_STRIP = NO;
				DEBUG_INFORMATION_FORMAT = dwarf;
				ENABLE_STRICT_OBJC_MSGSEND = YES;
				ENABLE_TESTABILITY = YES;
				GCC_C_LANGUAGE_STANDARD = gnu11;
				GCC_DYNAMIC_NO_PIC = NO;
				GCC_NO_COMMON_BLOCKS = YES;
				GCC_OPTIMIZATION_LEVEL = 0;
				GCC_PREPROCESSOR_DEFINITIONS = (
					"DEBUG=1",
					"$(inherited)",
				);
				GCC_WARN_64_TO_32_BIT_CONVERSION = YES;
				GCC_WARN_ABOUT_RETURN_TYPE = YES_ERROR;
				GCC_WARN_UNDECLARED_SELECTOR = YES;
				GCC_WARN_UNINITIALIZED_AUTOS = YES_AGGRESSIVE;
				GCC_WARN_UNUSED_FUNCTION = YES;
				GCC_WARN_UNUSED_VARIABLE = YES;
				IPHONEOS_DEPLOYMENT_TARGET = 12.4;
				MTL_ENABLE_DEBUG_INFO = INCLUDE_SOURCE;
				MTL_FAST_MATH = YES;
				ONLY_ACTIVE_ARCH = YES;
				SDKROOT = iphoneos;
				SWIFT_ACTIVE_COMPILATION_CONDITIONS = DEBUG;
				SWIFT_OPTIMIZATION_LEVEL = "-Onone";
			};
			name = Debug;
		};
		8327426322EA3075003104DE /* Release */ = {
			isa = XCBuildConfiguration;
			buildSettings = {
				ALWAYS_SEARCH_USER_PATHS = NO;
				CLANG_ANALYZER_NONNULL = YES;
				CLANG_ANALYZER_NUMBER_OBJECT_CONVERSION = YES_AGGRESSIVE;
				CLANG_CXX_LANGUAGE_STANDARD = "gnu++14";
				CLANG_CXX_LIBRARY = "libc++";
				CLANG_ENABLE_MODULES = YES;
				CLANG_ENABLE_OBJC_ARC = YES;
				CLANG_ENABLE_OBJC_WEAK = YES;
				CLANG_WARN_BLOCK_CAPTURE_AUTORELEASING = YES;
				CLANG_WARN_BOOL_CONVERSION = YES;
				CLANG_WARN_COMMA = YES;
				CLANG_WARN_CONSTANT_CONVERSION = YES;
				CLANG_WARN_DEPRECATED_OBJC_IMPLEMENTATIONS = YES;
				CLANG_WARN_DIRECT_OBJC_ISA_USAGE = YES_ERROR;
				CLANG_WARN_DOCUMENTATION_COMMENTS = YES;
				CLANG_WARN_EMPTY_BODY = YES;
				CLANG_WARN_ENUM_CONVERSION = YES;
				CLANG_WARN_INFINITE_RECURSION = YES;
				CLANG_WARN_INT_CONVERSION = YES;
				CLANG_WARN_NON_LITERAL_NULL_CONVERSION = YES;
				CLANG_WARN_OBJC_IMPLICIT_RETAIN_SELF = YES;
				CLANG_WARN_OBJC_LITERAL_CONVERSION = YES;
				CLANG_WARN_OBJC_ROOT_CLASS = YES_ERROR;
				CLANG_WARN_RANGE_LOOP_ANALYSIS = YES;
				CLANG_WARN_STRICT_PROTOTYPES = YES;
				CLANG_WARN_SUSPICIOUS_MOVE = YES;
				CLANG_WARN_UNGUARDED_AVAILABILITY = YES_AGGRESSIVE;
				CLANG_WARN_UNREACHABLE_CODE = YES;
				CLANG_WARN__DUPLICATE_METHOD_MATCH = YES;
				CODE_SIGN_IDENTITY = "iPhone Developer";
				COPY_PHASE_STRIP = NO;
				DEBUG_INFORMATION_FORMAT = "dwarf-with-dsym";
				ENABLE_NS_ASSERTIONS = NO;
				ENABLE_STRICT_OBJC_MSGSEND = YES;
				GCC_C_LANGUAGE_STANDARD = gnu11;
				GCC_NO_COMMON_BLOCKS = YES;
				GCC_WARN_64_TO_32_BIT_CONVERSION = YES;
				GCC_WARN_ABOUT_RETURN_TYPE = YES_ERROR;
				GCC_WARN_UNDECLARED_SELECTOR = YES;
				GCC_WARN_UNINITIALIZED_AUTOS = YES_AGGRESSIVE;
				GCC_WARN_UNUSED_FUNCTION = YES;
				GCC_WARN_UNUSED_VARIABLE = YES;
				IPHONEOS_DEPLOYMENT_TARGET = 12.4;
				MTL_ENABLE_DEBUG_INFO = NO;
				MTL_FAST_MATH = YES;
				SDKROOT = iphoneos;
				SWIFT_COMPILATION_MODE = wholemodule;
				SWIFT_OPTIMIZATION_LEVEL = "-O";
				VALIDATE_PRODUCT = YES;
			};
			name = Release;
		};
		8327426522EA3075003104DE /* Debug */ = {
			isa = XCBuildConfiguration;
			buildSettings = {
				ASSETCATALOG_COMPILER_APPICON_NAME = AppIcon;
				CODE_SIGN_STYLE = Automatic;
				INFOPLIST_FILE = NewsHeadlines/Info.plist;
				LD_RUNPATH_SEARCH_PATHS = (
					"$(inherited)",
					"@executable_path/Frameworks",
				);
				PRODUCT_BUNDLE_IDENTIFIER = com.byjus.NewsHeadlines;
				PRODUCT_NAME = "$(TARGET_NAME)";
				SWIFT_VERSION = 5.0;
				TARGETED_DEVICE_FAMILY = "1,2";
			};
			name = Debug;
		};
		8327426622EA3075003104DE /* Release */ = {
			isa = XCBuildConfiguration;
			buildSettings = {
				ASSETCATALOG_COMPILER_APPICON_NAME = AppIcon;
				CODE_SIGN_STYLE = Automatic;
				INFOPLIST_FILE = NewsHeadlines/Info.plist;
				LD_RUNPATH_SEARCH_PATHS = (
					"$(inherited)",
					"@executable_path/Frameworks",
				);
				PRODUCT_BUNDLE_IDENTIFIER = com.byjus.NewsHeadlines;
				PRODUCT_NAME = "$(TARGET_NAME)";
				SWIFT_VERSION = 5.0;
				TARGETED_DEVICE_FAMILY = "1,2";
			};
			name = Release;
		};
		8327426822EA3075003104DE /* Debug */ = {
			isa = XCBuildConfiguration;
			buildSettings = {
				ALWAYS_EMBED_SWIFT_STANDARD_LIBRARIES = YES;
				BUNDLE_LOADER = "$(TEST_HOST)";
				CODE_SIGN_STYLE = Automatic;
				INFOPLIST_FILE = NewsHeadlinesTests/Info.plist;
				LD_RUNPATH_SEARCH_PATHS = (
					"$(inherited)",
					"@executable_path/Frameworks",
					"@loader_path/Frameworks",
				);
				PRODUCT_BUNDLE_IDENTIFIER = com.byjus.NewsHeadlinesTests;
				PRODUCT_NAME = "$(TARGET_NAME)";
				SWIFT_VERSION = 5.0;
				TARGETED_DEVICE_FAMILY = "1,2";
				TEST_HOST = "$(BUILT_PRODUCTS_DIR)/NewsHeadlines.app/NewsHeadlines";
			};
			name = Debug;
		};
		8327426922EA3075003104DE /* Release */ = {
			isa = XCBuildConfiguration;
			buildSettings = {
				ALWAYS_EMBED_SWIFT_STANDARD_LIBRARIES = YES;
				BUNDLE_LOADER = "$(TEST_HOST)";
				CODE_SIGN_STYLE = Automatic;
				INFOPLIST_FILE = NewsHeadlinesTests/Info.plist;
				LD_RUNPATH_SEARCH_PATHS = (
					"$(inherited)",
					"@executable_path/Frameworks",
					"@loader_path/Frameworks",
				);
				PRODUCT_BUNDLE_IDENTIFIER = com.byjus.NewsHeadlinesTests;
				PRODUCT_NAME = "$(TARGET_NAME)";
				SWIFT_VERSION = 5.0;
				TARGETED_DEVICE_FAMILY = "1,2";
				TEST_HOST = "$(BUILT_PRODUCTS_DIR)/NewsHeadlines.app/NewsHeadlines";
			};
			name = Release;
		};
/* End XCBuildConfiguration section */

/* Begin XCConfigurationList section */
		8327423F22EA3074003104DE /* Build configuration list for PBXProject "NewsHeadlines" */ = {
			isa = XCConfigurationList;
			buildConfigurations = (
				8327426222EA3075003104DE /* Debug */,
				8327426322EA3075003104DE /* Release */,
			);
			defaultConfigurationIsVisible = 0;
			defaultConfigurationName = Release;
		};
		8327426422EA3075003104DE /* Build configuration list for PBXNativeTarget "NewsHeadlines" */ = {
			isa = XCConfigurationList;
			buildConfigurations = (
				8327426522EA3075003104DE /* Debug */,
				8327426622EA3075003104DE /* Release */,
			);
			defaultConfigurationIsVisible = 0;
			defaultConfigurationName = Release;
		};
		8327426722EA3075003104DE /* Build configuration list for PBXNativeTarget "NewsHeadlinesTests" */ = {
			isa = XCConfigurationList;
			buildConfigurations = (
				8327426822EA3075003104DE /* Debug */,
				8327426922EA3075003104DE /* Release */,
			);
			defaultConfigurationIsVisible = 0;
			defaultConfigurationName = Release;
		};
/* End XCConfigurationList section */

/* Begin XCVersionGroup section */
		8327424E22EA3074003104DE /* NewsHeadlines.xcdatamodeld */ = {
			isa = XCVersionGroup;
			children = (
				8327424F22EA3074003104DE /* NewsHeadlines.xcdatamodel */,
			);
			currentVersion = 8327424F22EA3074003104DE /* NewsHeadlines.xcdatamodel */;
			path = NewsHeadlines.xcdatamodeld;
			sourceTree = "<group>";
			versionGroupType = wrapper.xcdatamodel;
		};
/* End XCVersionGroup section */
	};
	rootObject = 8327423C22EA3074003104DE /* Project object */;
}
